
Microsoft Visual Studio Solution File, Format Version 12.00
# Visual Studio Version 16
VisualStudioVersion = 16.0.33130.400
MinimumVisualStudioVersion = 10.0.40219.1
Project("{2150E333-8FDC-42A3-9474-1A3956D46DE8}") = "src", "src", "{1DBAC7FC-027F-4425-AD7D-C1558ACB3B08}"
EndProject
Project("{2150E333-8FDC-42A3-9474-1A3956D46DE8}") = "Building Blocks", "Building Blocks", "{70822DF9-682B-4F8A-AAAB-655F9A39D7B5}"
EndProject
Project("{2150E333-8FDC-42A3-9474-1A3956D46DE8}") = "Services", "Services", "{3FB0EAF7-3C65-4E3D-B1D8-F8FBC92442B8}"
EndProject
Project("{2150E333-8FDC-42A3-9474-1A3956D46DE8}") = "Web", "Web", "{8894B19F-C407-4601-9688-9E5056694023}"
EndProject
Project("{2150E333-8FDC-42A3-9474-1A3956D46DE8}") = "Identidade", "Identidade", "{0E3CC654-2F06-41D8-B32B-4B5F4567CA75}"
EndProject
Project("{2150E333-8FDC-42A3-9474-1A3956D46DE8}") = "MVC", "MVC", "{CD200AF5-56EC-404F-8DD0-555B1D5FEEEA}"
EndProject
Project("{9A19103F-16F7-4668-BE54-9A1E7A4F7556}") = "NSE.Identidade.API", "src\services\NSE.Identidade.API\NSE.Identidade.API.csproj", "{AB722B4C-B1FF-4CB3-996E-24A66F332370}"
EndProject
Project("{9A19103F-16F7-4668-BE54-9A1E7A4F7556}") = "NSE.WebApp.MVC", "src\web\NSE.WebApp.MVC\NSE.WebApp.MVC.csproj", "{6505E47E-FAD8-41B8-A3E1-AAAB0A324DB2}"
EndProject
Project("{2150E333-8FDC-42A3-9474-1A3956D46DE8}") = "Core", "Core", "{FB33ADAB-F6DE-4201-BD69-6E14B2794AC8}"
EndProject
Project("{9A19103F-16F7-4668-BE54-9A1E7A4F7556}") = "NSE.Core", "src\building blocks\NSE.Core\NSE.Core.csproj", "{187DF7FE-0F67-48C9-B8DF-BADDAEA074D7}"
EndProject
Project("{2150E333-8FDC-42A3-9474-1A3956D46DE8}") = "Pagamento", "Pagamento", "{49711D57-8860-4CB0-95EB-05B6ECE9ECC9}"
EndProject
Project("{2150E333-8FDC-42A3-9474-1A3956D46DE8}") = "Carrinho", "Carrinho", "{DDB231B0-2048-474A-8C05-799B94FC3832}"
EndProject
Project("{2150E333-8FDC-42A3-9474-1A3956D46DE8}") = "Catalogo", "Catalogo", "{8598A6F4-07BD-46F6-B278-B08D6491EEA7}"
EndProject
Project("{2150E333-8FDC-42A3-9474-1A3956D46DE8}") = "Cliente", "Cliente", "{0B9D6676-0374-4C85-9C83-C12264C6EB50}"
EndProject
Project("{2150E333-8FDC-42A3-9474-1A3956D46DE8}") = "Pedido", "Pedido", "{B51C060E-7508-48E4-87DC-B9B4DC3B3706}"
EndProject
Project("{FAE04EC0-301F-11D3-BF4B-00C04F79EFBC}") = "NSE.Carrinho.API", "src\services\NSE.Carrinho.API\NSE.Carrinho.API.csproj", "{790F2861-4586-4CFE-BE6F-354AB355BB5D}"
EndProject
Project("{FAE04EC0-301F-11D3-BF4B-00C04F79EFBC}") = "NSE.Catalogo.API", "src\services\NSE.Catalogo.API\NSE.Catalogo.API.csproj", "{23E90E08-2EB6-41CA-829F-4E8225411953}"
EndProject
Project("{FAE04EC0-301F-11D3-BF4B-00C04F79EFBC}") = "NSE.Cliente.API", "src\services\NSE.Cliente.API\NSE.Cliente.API.csproj", "{DBF5E7CD-19B3-40D3-95D5-9AD9E41BEBB4}"
EndProject
Project("{FAE04EC0-301F-11D3-BF4B-00C04F79EFBC}") = "NSE.Pagamento.API", "src\services\NSE.Pagamento.API\NSE.Pagamento.API.csproj", "{057EA0FA-923D-4BC6-BC7A-D604C15D1A55}"
EndProject
Project("{FAE04EC0-301F-11D3-BF4B-00C04F79EFBC}") = "NSE.Pedido.API", "src\services\NSE.Pedido.API\NSE.Pedido.API.csproj", "{5140F660-3842-429F-94CD-A935EA209C0C}"
EndProject
Global
	GlobalSection(SolutionConfigurationPlatforms) = preSolution
		Debug|Any CPU = Debug|Any CPU
		Release|Any CPU = Release|Any CPU
	EndGlobalSection
	GlobalSection(ProjectConfigurationPlatforms) = postSolution
		{AB722B4C-B1FF-4CB3-996E-24A66F332370}.Debug|Any CPU.ActiveCfg = Debug|Any CPU
		{AB722B4C-B1FF-4CB3-996E-24A66F332370}.Debug|Any CPU.Build.0 = Debug|Any CPU
		{AB722B4C-B1FF-4CB3-996E-24A66F332370}.Release|Any CPU.ActiveCfg = Release|Any CPU
		{AB722B4C-B1FF-4CB3-996E-24A66F332370}.Release|Any CPU.Build.0 = Release|Any CPU
		{6505E47E-FAD8-41B8-A3E1-AAAB0A324DB2}.Debug|Any CPU.ActiveCfg = Debug|Any CPU
		{6505E47E-FAD8-41B8-A3E1-AAAB0A324DB2}.Debug|Any CPU.Build.0 = Debug|Any CPU
		{6505E47E-FAD8-41B8-A3E1-AAAB0A324DB2}.Release|Any CPU.ActiveCfg = Release|Any CPU
		{6505E47E-FAD8-41B8-A3E1-AAAB0A324DB2}.Release|Any CPU.Build.0 = Release|Any CPU
		{187DF7FE-0F67-48C9-B8DF-BADDAEA074D7}.Debug|Any CPU.ActiveCfg = Debug|Any CPU
		{187DF7FE-0F67-48C9-B8DF-BADDAEA074D7}.Debug|Any CPU.Build.0 = Debug|Any CPU
		{187DF7FE-0F67-48C9-B8DF-BADDAEA074D7}.Release|Any CPU.ActiveCfg = Release|Any CPU
		{187DF7FE-0F67-48C9-B8DF-BADDAEA074D7}.Release|Any CPU.Build.0 = Release|Any CPU
		{790F2861-4586-4CFE-BE6F-354AB355BB5D}.Debug|Any CPU.ActiveCfg = Debug|Any CPU
		{790F2861-4586-4CFE-BE6F-354AB355BB5D}.Debug|Any CPU.Build.0 = Debug|Any CPU
		{790F2861-4586-4CFE-BE6F-354AB355BB5D}.Release|Any CPU.ActiveCfg = Release|Any CPU
		{790F2861-4586-4CFE-BE6F-354AB355BB5D}.Release|Any CPU.Build.0 = Release|Any CPU
		{23E90E08-2EB6-41CA-829F-4E8225411953}.Debug|Any CPU.ActiveCfg = Debug|Any CPU
		{23E90E08-2EB6-41CA-829F-4E8225411953}.Debug|Any CPU.Build.0 = Debug|Any CPU
		{23E90E08-2EB6-41CA-829F-4E8225411953}.Release|Any CPU.ActiveCfg = Release|Any CPU
		{23E90E08-2EB6-41CA-829F-4E8225411953}.Release|Any CPU.Build.0 = Release|Any CPU
		{DBF5E7CD-19B3-40D3-95D5-9AD9E41BEBB4}.Debug|Any CPU.ActiveCfg = Debug|Any CPU
		{DBF5E7CD-19B3-40D3-95D5-9AD9E41BEBB4}.Debug|Any CPU.Build.0 = Debug|Any CPU
		{DBF5E7CD-19B3-40D3-95D5-9AD9E41BEBB4}.Release|Any CPU.ActiveCfg = Release|Any CPU
		{DBF5E7CD-19B3-40D3-95D5-9AD9E41BEBB4}.Release|Any CPU.Build.0 = Release|Any CPU
		{057EA0FA-923D-4BC6-BC7A-D604C15D1A55}.Debug|Any CPU.ActiveCfg = Debug|Any CPU
		{057EA0FA-923D-4BC6-BC7A-D604C15D1A55}.Debug|Any CPU.Build.0 = Debug|Any CPU
		{057EA0FA-923D-4BC6-BC7A-D604C15D1A55}.Release|Any CPU.ActiveCfg = Release|Any CPU
		{057EA0FA-923D-4BC6-BC7A-D604C15D1A55}.Release|Any CPU.Build.0 = Release|Any CPU
		{5140F660-3842-429F-94CD-A935EA209C0C}.Debug|Any CPU.ActiveCfg = Debug|Any CPU
		{5140F660-3842-429F-94CD-A935EA209C0C}.Debug|Any CPU.Build.0 = Debug|Any CPU
		{5140F660-3842-429F-94CD-A935EA209C0C}.Release|Any CPU.ActiveCfg = Release|Any CPU
		{5140F660-3842-429F-94CD-A935EA209C0C}.Release|Any CPU.Build.0 = Release|Any CPU
	EndGlobalSection
	GlobalSection(SolutionProperties) = preSolution
		HideSolutionNode = FALSE
	EndGlobalSection
	GlobalSection(NestedProjects) = preSolution
		{70822DF9-682B-4F8A-AAAB-655F9A39D7B5} = {1DBAC7FC-027F-4425-AD7D-C1558ACB3B08}
		{3FB0EAF7-3C65-4E3D-B1D8-F8FBC92442B8} = {1DBAC7FC-027F-4425-AD7D-C1558ACB3B08}
		{8894B19F-C407-4601-9688-9E5056694023} = {1DBAC7FC-027F-4425-AD7D-C1558ACB3B08}
		{0E3CC654-2F06-41D8-B32B-4B5F4567CA75} = {3FB0EAF7-3C65-4E3D-B1D8-F8FBC92442B8}
		{CD200AF5-56EC-404F-8DD0-555B1D5FEEEA} = {8894B19F-C407-4601-9688-9E5056694023}
		{AB722B4C-B1FF-4CB3-996E-24A66F332370} = {0E3CC654-2F06-41D8-B32B-4B5F4567CA75}
		{6505E47E-FAD8-41B8-A3E1-AAAB0A324DB2} = {CD200AF5-56EC-404F-8DD0-555B1D5FEEEA}
		{FB33ADAB-F6DE-4201-BD69-6E14B2794AC8} = {70822DF9-682B-4F8A-AAAB-655F9A39D7B5}
		{187DF7FE-0F67-48C9-B8DF-BADDAEA074D7} = {FB33ADAB-F6DE-4201-BD69-6E14B2794AC8}
		{49711D57-8860-4CB0-95EB-05B6ECE9ECC9} = {3FB0EAF7-3C65-4E3D-B1D8-F8FBC92442B8}
		{DDB231B0-2048-474A-8C05-799B94FC3832} = {3FB0EAF7-3C65-4E3D-B1D8-F8FBC92442B8}
		{8598A6F4-07BD-46F6-B278-B08D6491EEA7} = {3FB0EAF7-3C65-4E3D-B1D8-F8FBC92442B8}
		{0B9D6676-0374-4C85-9C83-C12264C6EB50} = {3FB0EAF7-3C65-4E3D-B1D8-F8FBC92442B8}
		{B51C060E-7508-48E4-87DC-B9B4DC3B3706} = {3FB0EAF7-3C65-4E3D-B1D8-F8FBC92442B8}
		{790F2861-4586-4CFE-BE6F-354AB355BB5D} = {DDB231B0-2048-474A-8C05-799B94FC3832}
		{23E90E08-2EB6-41CA-829F-4E8225411953} = {8598A6F4-07BD-46F6-B278-B08D6491EEA7}
		{DBF5E7CD-19B3-40D3-95D5-9AD9E41BEBB4} = {0B9D6676-0374-4C85-9C83-C12264C6EB50}
		{057EA0FA-923D-4BC6-BC7A-D604C15D1A55} = {49711D57-8860-4CB0-95EB-05B6ECE9ECC9}
		{5140F660-3842-429F-94CD-A935EA209C0C} = {B51C060E-7508-48E4-87DC-B9B4DC3B3706}
	EndGlobalSection
	GlobalSection(ExtensibilityGlobals) = postSolution
		SolutionGuid = {7FAE66BB-E42D-4E76-B449-A99C558A6491}
	EndGlobalSection
EndGlobal
